// !$*UTF8*$!
{
	archiveVersion = 1;
	classes = {
	};
	objectVersion = 50;
	objects = {

/* Begin PBXBuildFile section */
		21628AEB22E86F4600A1F88B /* AppDelegate.swift in Sources */ = {isa = PBXBuildFile; fileRef = 21628AEA22E86F4600A1F88B /* AppDelegate.swift */; };
		21628AED22E86F4600A1F88B /* ViewController.swift in Sources */ = {isa = PBXBuildFile; fileRef = 21628AEC22E86F4600A1F88B /* ViewController.swift */; };
		21628AF022E86F4600A1F88B /* Main.storyboard in Resources */ = {isa = PBXBuildFile; fileRef = 21628AEE22E86F4600A1F88B /* Main.storyboard */; };
		21628AF222E86F4700A1F88B /* Assets.xcassets in Resources */ = {isa = PBXBuildFile; fileRef = 21628AF122E86F4700A1F88B /* Assets.xcassets */; };
		21628AF522E86F4700A1F88B /* LaunchScreen.storyboard in Resources */ = {isa = PBXBuildFile; fileRef = 21628AF322E86F4700A1F88B /* LaunchScreen.storyboard */; };
		21628AFF22E8732F00A1F88B /* MealModel.swift in Sources */ = {isa = PBXBuildFile; fileRef = 21628AFE22E8732F00A1F88B /* MealModel.swift */; };
		21628B0122E8748B00A1F88B /* ratingView.swift in Sources */ = {isa = PBXBuildFile; fileRef = 21628B0022E8748B00A1F88B /* ratingView.swift */; };
		21628B0322E87CE500A1F88B /* MealCell.swift in Sources */ = {isa = PBXBuildFile; fileRef = 21628B0222E87CE500A1F88B /* MealCell.swift */; };
		21628B0522E8875500A1F88B /* MealDetailViewController.swift in Sources */ = {isa = PBXBuildFile; fileRef = 21628B0422E8875500A1F88B /* MealDetailViewController.swift */; };
/* End PBXBuildFile section */

/* Begin PBXFileReference section */
		21628AE722E86F4600A1F88B /* Meal_Maker.app */ = {isa = PBXFileReference; explicitFileType = wrapper.application; includeInIndex = 0; path = Meal_Maker.app; sourceTree = BUILT_PRODUCTS_DIR; };
		21628AEA22E86F4600A1F88B /* AppDelegate.swift */ = {isa = PBXFileReference; lastKnownFileType = sourcecode.swift; path = AppDelegate.swift; sourceTree = "<group>"; };
		21628AEC22E86F4600A1F88B /* ViewController.swift */ = {isa = PBXFileReference; lastKnownFileType = sourcecode.swift; path = ViewController.swift; sourceTree = "<group>"; };
		21628AEF22E86F4600A1F88B /* Base */ = {isa = PBXFileReference; lastKnownFileType = file.storyboard; name = Base; path = Base.lproj/Main.storyboard; sourceTree = "<group>"; };
		21628AF122E86F4700A1F88B /* Assets.xcassets */ = {isa = PBXFileReference; lastKnownFileType = folder.assetcatalog; path = Assets.xcassets; sourceTree = "<group>"; };
		21628AF422E86F4700A1F88B /* Base */ = {isa = PBXFileReference; lastKnownFileType = file.storyboard; name = Base; path = Base.lproj/LaunchScreen.storyboard; sourceTree = "<group>"; };
		21628AF622E86F4700A1F88B /* Info.plist */ = {isa = PBXFileReference; lastKnownFileType = text.plist.xml; path = Info.plist; sourceTree = "<group>"; };
		21628AFE22E8732F00A1F88B /* MealModel.swift */ = {isa = PBXFileReference; lastKnownFileType = sourcecode.swift; path = MealModel.swift; sourceTree = "<group>"; };
		21628B0022E8748B00A1F88B /* ratingView.swift */ = {isa = PBXFileReference; lastKnownFileType = sourcecode.swift; path = ratingView.swift; sourceTree = "<group>"; };
		21628B0222E87CE500A1F88B /* MealCell.swift */ = {isa = PBXFileReference; lastKnownFileType = sourcecode.swift; path = MealCell.swift; sourceTree = "<group>"; };
		21628B0422E8875500A1F88B /* MealDetailViewController.swift */ = {isa = PBXFileReference; lastKnownFileType = sourcecode.swift; path = MealDetailViewController.swift; sourceTree = "<group>"; };
/* End PBXFileReference section */

/* Begin PBXFrameworksBuildPhase section */
		21628AE422E86F4600A1F88B /* Frameworks */ = {
			isa = PBXFrameworksBuildPhase;
			buildActionMask = 2147483647;
			files = (
			);
			runOnlyForDeploymentPostprocessing = 0;
		};
/* End PBXFrameworksBuildPhase section */

/* Begin PBXGroup section */
		21628ADE22E86F4600A1F88B = {
			isa = PBXGroup;
			children = (
				21628AE922E86F4600A1F88B /* Meal_Maker */,
				21628AE822E86F4600A1F88B /* Products */,
			);
			sourceTree = "<group>";
		};
		21628AE822E86F4600A1F88B /* Products */ = {
			isa = PBXGroup;
			children = (
				21628AE722E86F4600A1F88B /* Meal_Maker.app */,
			);
			name = Products;
			sourceTree = "<group>";
		};
		21628AE922E86F4600A1F88B /* Meal_Maker */ = {
			isa = PBXGroup;
			children = (
				21628AEA22E86F4600A1F88B /* AppDelegate.swift */,
				21628AEC22E86F4600A1F88B /* ViewController.swift */,
				21628B0422E8875500A1F88B /* MealDetailViewController.swift */,
				21628AEE22E86F4600A1F88B /* Main.storyboard */,
				21628AF122E86F4700A1F88B /* Assets.xcassets */,
				21628AF322E86F4700A1F88B /* LaunchScreen.storyboard */,
				21628AF622E86F4700A1F88B /* Info.plist */,
				21628AFE22E8732F00A1F88B /* MealModel.swift */,
				21628B0022E8748B00A1F88B /* ratingView.swift */,
				21628B0222E87CE500A1F88B /* MealCell.swift */,
			);
			path = Meal_Maker;
			sourceTree = "<group>";
		};
/* End PBXGroup section */

/* Begin PBXNativeTarget section */
		21628AE622E86F4600A1F88B /* Meal_Maker */ = {
			isa = PBXNativeTarget;
			buildConfigurationList = 21628AF922E86F4700A1F88B /* Build configuration list for PBXNativeTarget "Meal_Maker" */;
			buildPhases = (
				21628AE322E86F4600A1F88B /* Sources */,
				21628AE422E86F4600A1F88B /* Frameworks */,
				21628AE522E86F4600A1F88B /* Resources */,
			);
			buildRules = (
			);
			dependencies = (
			);
			name = Meal_Maker;
			productName = Meal_Maker;
			productReference = 21628AE722E86F4600A1F88B /* Meal_Maker.app */;
			productType = "com.apple.product-type.application";
		};
/* End PBXNativeTarget section */

/* Begin PBXProject section */
		21628ADF22E86F4600A1F88B /* Project object */ = {
			isa = PBXProject;
			attributes = {
				LastSwiftUpdateCheck = 1020;
				LastUpgradeCheck = 1020;
				ORGANIZATIONNAME = hojung;
				TargetAttributes = {
					21628AE622E86F4600A1F88B = {
						CreatedOnToolsVersion = 10.2.1;
					};
				};
			};
			buildConfigurationList = 21628AE222E86F4600A1F88B /* Build configuration list for PBXProject "Meal_Maker" */;
			compatibilityVersion = "Xcode 9.3";
			developmentRegion = en;
			hasScannedForEncodings = 0;
			knownRegions = (
				en,
				Base,
			);
			mainGroup = 21628ADE22E86F4600A1F88B;
			productRefGroup = 21628AE822E86F4600A1F88B /* Products */;
			projectDirPath = "";
			projectRoot = "";
			targets = (
				21628AE622E86F4600A1F88B /* Meal_Maker */,
			);
		};
/* End PBXProject section */

/* Begin PBXResourcesBuildPhase section */
		21628AE522E86F4600A1F88B /* Resources */ = {
			isa = PBXResourcesBuildPhase;
			buildActionMask = 2147483647;
			files = (
				21628AF522E86F4700A1F88B /* LaunchScreen.storyboard in Resources */,
				21628AF222E86F4700A1F88B /* Assets.xcassets in Resources */,
				21628AF022E86F4600A1F88B /* Main.storyboard in Resources */,
			);
			runOnlyForDeploymentPostprocessing = 0;
		};
/* End PBXResourcesBuildPhase section */

/* Begin PBXSourcesBuildPhase section */
		21628AE322E86F4600A1F88B /* Sources */ = {
			isa = PBXSourcesBuildPhase;
			buildActionMask = 2147483647;
			files = (
				21628B0322E87CE500A1F88B /* MealCell.swift in Sources */,
				21628AED22E86F4600A1F88B /* ViewController.swift in Sources */,
				21628B0522E8875500A1F88B /* MealDetailViewController.swift in Sources */,
				21628AFF22E8732F00A1F88B /* MealModel.swift in Sources */,
				21628AEB22E86F4600A1F88B /* AppDelegate.swift in Sources */,
				21628B0122E8748B00A1F88B /* ratingView.swift in Sources */,
			);
			runOnlyForDeploymentPostprocessing = 0;
		};
/* End PBXSourcesBuildPhase section */

/* Begin PBXVariantGroup section */
		21628AEE22E86F4600A1F88B /* Main.storyboard */ = {
			isa = PBXVariantGroup;
			children = (
				21628AEF22E86F4600A1F88B /* Base */,
			);
			name = Main.storyboard;
			sourceTree = "<group>";
		};
		21628AF322E86F4700A1F88B /* LaunchScreen.storyboard */ = {
			isa = PBXVariantGroup;
			children = (
				21628AF422E86F4700A1F88B /* Base */,
			);
			name = LaunchScreen.storyboard;
			sourceTree = "<group>";
		};
/* End PBXVariantGroup section */

/* Begin XCBuildConfiguration section */
		21628AF722E86F4700A1F88B /* Debug */ = {
			isa = XCBuildConfiguration;
			buildSettings = {
				ALWAYS_SEARCH_USER_PATHS = NO;
				CLANG_ANALYZER_NONNULL = YES;
				CLANG_ANALYZER_NUMBER_OBJECT_CONVERSION = YES_AGGRESSIVE;
				CLANG_CXX_LANGUAGE_STANDARD = "gnu++14";
				CLANG_CXX_LIBRARY = "libc++";
				CLANG_ENABLE_MODULES = YES;
				CLANG_ENABLE_OBJC_ARC = YES;
				CLANG_ENABLE_OBJC_WEAK = YES;
				CLANG_WARN_BLOCK_CAPTURE_AUTORELEASING = YES;
				CLANG_WARN_BOOL_CONVERSION = YES;
				CLANG_WARN_COMMA = YES;
				CLANG_WARN_CONSTANT_CONVERSION = YES;
				CLANG_WARN_DEPRECATED_OBJC_IMPLEMENTATIONS = YES;
				CLANG_WARN_DIRECT_OBJC_ISA_USAGE = YES_ERROR;
				CLANG_WARN_DOCUMENTATION_COMMENTS = YES;
				CLANG_WARN_EMPTY_BODY = YES;
				CLANG_WARN_ENUM_CONVERSION = YES;
				CLANG_WARN_INFINITE_RECURSION = YES;
				CLANG_WARN_INT_CONVERSION = YES;
				CLANG_WARN_NON_LITERAL_NULL_CONVERSION = YES;
				CLANG_WARN_OBJC_IMPLICIT_RETAIN_SELF = YES;
				CLANG_WARN_OBJC_LITERAL_CONVERSION = YES;
				CLANG_WARN_OBJC_ROOT_CLASS = YES_ERROR;
				CLANG_WARN_RANGE_LOOP_ANALYSIS = YES;
				CLANG_WARN_STRICT_PROTOTYPES = YES;
				CLANG_WARN_SUSPICIOUS_MOVE = YES;
				CLANG_WARN_UNGUARDED_AVAILABILITY = YES_AGGRESSIVE;
				CLANG_WARN_UNREACHABLE_CODE = YES;
				CLANG_WARN__DUPLICATE_METHOD_MATCH = YES;
				CODE_SIGN_IDENTITY = "iPhone Developer";
				COPY_PHASE_STRIP = NO;
				DEBUG_INFORMATION_FORMAT = dwarf;
				ENABLE_STRICT_OBJC_MSGSEND = YES;
				ENABLE_TESTABILITY = YES;
				GCC_C_LANGUAGE_STANDARD = gnu11;
				GCC_DYNAMIC_NO_PIC = NO;
				GCC_NO_COMMON_BLOCKS = YES;
				GCC_OPTIMIZATION_LEVEL = 0;
				GCC_PREPROCESSOR_DEFINITIONS = (
					"DEBUG=1",
					"$(inherited)",
				);
				GCC_WARN_64_TO_32_BIT_CONVERSION = YES;
				GCC_WARN_ABOUT_RETURN_TYPE = YES_ERROR;
				GCC_WARN_UNDECLARED_SELECTOR = YES;
				GCC_WARN_UNINITIALIZED_AUTOS = YES_AGGRESSIVE;
				GCC_WARN_UNUSED_FUNCTION = YES;
				GCC_WARN_UNUSED_VARIABLE = YES;
				IPHONEOS_DEPLOYMENT_TARGET = 12.2;
				MTL_ENABLE_DEBUG_INFO = INCLUDE_SOURCE;
				MTL_FAST_MATH = YES;
				ONLY_ACTIVE_ARCH = YES;
				SDKROOT = iphoneos;
				SWIFT_ACTIVE_COMPILATION_CONDITIONS = DEBUG;
				SWIFT_OPTIMIZATION_LEVEL = "-Onone";
			};
			name = Debug;
		};
		21628AF822E86F4700A1F88B /* Release */ = {
			isa = XCBuildConfiguration;
			buildSettings = {
				ALWAYS_SEARCH_USER_PATHS = NO;
				CLANG_ANALYZER_NONNULL = YES;
				CLANG_ANALYZER_NUMBER_OBJECT_CONVERSION = YES_AGGRESSIVE;
				CLANG_CXX_LANGUAGE_STANDARD = "gnu++14";
				CLANG_CXX_LIBRARY = "libc++";
				CLANG_ENABLE_MODULES = YES;
				CLANG_ENABLE_OBJC_ARC = YES;
				CLANG_ENABLE_OBJC_WEAK = YES;
				CLANG_WARN_BLOCK_CAPTURE_AUTORELEASING = YES;
				CLANG_WARN_BOOL_CONVERSION = YES;
				CLANG_WARN_COMMA = YES;
				CLANG_WARN_CONSTANT_CONVERSION = YES;
				CLANG_WARN_DEPRECATED_OBJC_IMPLEMENTATIONS = YES;
				CLANG_WARN_DIRECT_OBJC_ISA_USAGE = YES_ERROR;
				CLANG_WARN_DOCUMENTATION_COMMENTS = YES;
				CLANG_WARN_EMPTY_BODY = YES;
				CLANG_WARN_ENUM_CONVERSION = YES;
				CLANG_WARN_INFINITE_RECURSION = YES;
				CLANG_WARN_INT_CONVERSION = YES;
				CLANG_WARN_NON_LITERAL_NULL_CONVERSION = YES;
				CLANG_WARN_OBJC_IMPLICIT_RETAIN_SELF = YES;
				CLANG_WARN_OBJC_LITERAL_CONVERSION = YES;
				CLANG_WARN_OBJC_ROOT_CLASS = YES_ERROR;
				CLANG_WARN_RANGE_LOOP_ANALYSIS = YES;
				CLANG_WARN_STRICT_PROTOTYPES = YES;
				CLANG_WARN_SUSPICIOUS_MOVE = YES;
				CLANG_WARN_UNGUARDED_AVAILABILITY = YES_AGGRESSIVE;
				CLANG_WARN_UNREACHABLE_CODE = YES;
				CLANG_WARN__DUPLICATE_METHOD_MATCH = YES;
				CODE_SIGN_IDENTITY = "iPhone Developer";
				COPY_PHASE_STRIP = NO;
				DEBUG_INFORMATION_FORMAT = "dwarf-with-dsym";
				ENABLE_NS_ASSERTIONS = NO;
				ENABLE_STRICT_OBJC_MSGSEND = YES;
				GCC_C_LANGUAGE_STANDARD = gnu11;
				GCC_NO_COMMON_BLOCKS = YES;
				GCC_WARN_64_TO_32_BIT_CONVERSION = YES;
				GCC_WARN_ABOUT_RETURN_TYPE = YES_ERROR;
				GCC_WARN_UNDECLARED_SELECTOR = YES;
				GCC_WARN_UNINITIALIZED_AUTOS = YES_AGGRESSIVE;
				GCC_WARN_UNUSED_FUNCTION = YES;
				GCC_WARN_UNUSED_VARIABLE = YES;
				IPHONEOS_DEPLOYMENT_TARGET = 12.2;
				MTL_ENABLE_DEBUG_INFO = NO;
				MTL_FAST_MATH = YES;
				SDKROOT = iphoneos;
				SWIFT_COMPILATION_MODE = wholemodule;
				SWIFT_OPTIMIZATION_LEVEL = "-O";
				VALIDATE_PRODUCT = YES;
			};
			name = Release;
		};
		21628AFA22E86F4700A1F88B /* Debug */ = {
			isa = XCBuildConfiguration;
			buildSettings = {
				ASSETCATALOG_COMPILER_APPICON_NAME = AppIcon;
				CODE_SIGN_STYLE = Automatic;
				INFOPLIST_FILE = Meal_Maker/Info.plist;
				LD_RUNPATH_SEARCH_PATHS = (
					"$(inherited)",
					"@executable_path/Frameworks",
				);
				PRODUCT_BUNDLE_IDENTIFIER = "com.hiroshi.Meal-Maker";
				PRODUCT_NAME = "$(TARGET_NAME)";
				SWIFT_VERSION = 5.0;
				TARGETED_DEVICE_FAMILY = "1,2";
			};
			name = Debug;
		};
		21628AFB22E86F4700A1F88B /* Release */ = {
			isa = XCBuildConfiguration;
			buildSettings = {
				ASSETCATALOG_COMPILER_APPICON_NAME = AppIcon;
				CODE_SIGN_STYLE = Automatic;
				INFOPLIST_FILE = Meal_Maker/Info.plist;
				LD_RUNPATH_SEARCH_PATHS = (
					"$(inherited)",
					"@executable_path/Frameworks",
				);
				PRODUCT_BUNDLE_IDENTIFIER = "com.hiroshi.Meal-Maker";
				PRODUCT_NAME = "$(TARGET_NAME)";
				SWIFT_VERSION = 5.0;
				TARGETED_DEVICE_FAMILY = "1,2";
			};
			name = Release;
		};
/* End XCBuildConfiguration section */

/* Begin XCConfigurationList section */
		21628AE222E86F4600A1F88B /* Build configuration list for PBXProject "Meal_Maker" */ = {
			isa = XCConfigurationList;
			buildConfigurations = (
				21628AF722E86F4700A1F88B /* Debug */,
				21628AF822E86F4700A1F88B /* Release */,
			);
			defaultConfigurationIsVisible = 0;
			defaultConfigurationName = Release;
		};
		21628AF922E86F4700A1F88B /* Build configuration list for PBXNativeTarget "Meal_Maker" */ = {
			isa = XCConfigurationList;
			buildConfigurations = (
				21628AFA22E86F4700A1F88B /* Debug */,
				21628AFB22E86F4700A1F88B /* Release */,
			);
			defaultConfigurationIsVisible = 0;
			defaultConfigurationName = Release;
		};
/* End XCConfigurationList section */
	};
	rootObject = 21628ADF22E86F4600A1F88B /* Project object */;
}
